{
  "version": 4,
  "terraform_version": "1.3.1",
  "serial": 11,
  "lineage": "bc9803f4-5ed6-9a32-e7fd-0a1e629005fb",
  "outputs": {},
  "resources": [
    {
      "mode": "managed",
      "type": "aws_dynamodb_table",
      "name": "mytfdb-name",
      "provider": "provider[\"registry.terraform.io/hashicorp/aws\"]",
      "instances": [
        {
          "schema_version": 1,
          "attributes": {
            "arn": "arn:aws:dynamodb:us-west-2:113322745490:table/mytfdb-name",
            "attribute": [
              {
                "name": "mytfdbHashKey",
                "type": "S"
              }
            ],
            "billing_mode": "PROVISIONED",
            "global_secondary_index": [],
            "hash_key": "mytfdbHashKey",
            "id": "mytfdb-name",
            "local_secondary_index": [],
            "name": "mytfdb-name",
            "point_in_time_recovery": [
              {
                "enabled": false
              }
            ],
            "range_key": null,
            "read_capacity": 10,
            "replica": [],
            "restore_date_time": null,
            "restore_source_name": null,
            "restore_to_latest_time": null,
            "server_side_encryption": [],
            "stream_arn": "",
            "stream_enabled": false,
            "stream_label": "",
            "stream_view_type": "",
            "table_class": "",
            "tags": null,
            "tags_all": {},
            "timeouts": null,
            "ttl": [
              {
                "attribute_name": "",
                "enabled": false
              }
            ],
            "write_capacity": 10
          },
          "sensitive_attributes": [],
          "private": "eyJlMmJmYjczMC1lY2FhLTExZTYtOGY4OC0zNDM2M2JjN2M0YzAiOnsiY3JlYXRlIjoxODAwMDAwMDAwMDAwLCJkZWxldGUiOjYwMDAwMDAwMDAwMCwidXBkYXRlIjozNjAwMDAwMDAwMDAwfSwic2NoZW1hX3ZlcnNpb24iOiIxIn0="
        }
      ]
    },
    {
      "mode": "managed",
      "type": "aws_dynamodb_table_item",
      "name": "mytfdb-name",
      "provider": "provider[\"registry.terraform.io/hashicorp/aws\"]",
      "instances": [
        {
          "schema_version": 0,
          "attributes": {
            "hash_key": "mytfdbHashKey",
            "id": "mytfdb-name|mytfdbHashKey||apple|",
            "item": "{\n\n    \"mytfdbHashKey\": {\"S\": \"apple\"},\n    \"one\": {\"N\": \"111\"},\n    \"two\": {\"N\": \"222\"},\n    \"three\": {\"N\": \"333\"},\n    \"four\": {\"N\": \"444\"}\n}\n",
            "range_key": null,
            "table_name": "mytfdb-name"
          },
          "sensitive_attributes": [],
          "private": "bnVsbA==",
          "dependencies": [
            "aws_dynamodb_table.mytfdb-name"
          ]
        }
      ]
    }
  ],
  "check_results": []
}
