{
  "version": 4,
  "terraform_version": "1.2.9",
  "serial": 15,
  "lineage": "68a9836b-041a-dddb-3806-0381560f577e",
  "outputs": {},
  "resources": [
    {
      "mode": "managed",
      "type": "aws_s3_bucket",
      "name": "my-bucket",
      "provider": "provider[\"registry.terraform.io/hashicorp/aws\"]",
      "instances": [
        {
          "schema_version": 0,
          "attributes": {
            "acceleration_status": "",
            "acl": "private",
            "arn": "arn:aws:s3:::ahmetguc-s3-test-bucket",
            "bucket": "ahmetguc-s3-test-bucket",
            "bucket_domain_name": "ahmetguc-s3-test-bucket.s3.amazonaws.com",
            "bucket_prefix": null,
            "bucket_regional_domain_name": "ahmetguc-s3-test-bucket.s3.us-west-2.amazonaws.com",
            "cors_rule": [],
            "force_destroy": false,
            "grant": [],
            "hosted_zone_id": "Z3BJ6K6RIION7M",
            "id": "ahmetguc-s3-test-bucket",
            "lifecycle_rule": [],
            "logging": [],
            "object_lock_configuration": [],
            "object_lock_enabled": false,
            "policy": null,
            "region": "us-west-2",
            "replication_configuration": [],
            "request_payer": "BucketOwner",
            "server_side_encryption_configuration": [],
            "tags": {
              "Environment": "Dev",
              "Name": "My S3 bucket"
            },
            "tags_all": {
              "Environment": "Dev",
              "Name": "My S3 bucket"
            },
            "versioning": [
              {
                "enabled": false,
                "mfa_delete": false
              }
            ],
            "website": [],
            "website_domain": null,
            "website_endpoint": null
          },
          "sensitive_attributes": [],
          "private": "bnVsbA=="
        }
      ]
    },
    {
      "mode": "managed",
      "type": "aws_s3_bucket_acl",
      "name": "example_bucket_acl",
      "provider": "provider[\"registry.terraform.io/hashicorp/aws\"]",
      "instances": [
        {
          "schema_version": 0,
          "attributes": {
            "access_control_policy": [
              {
                "grant": [
                  {
                    "grantee": [
                      {
                        "display_name": "aws2-student20",
                        "email_address": "",
                        "id": "157657c165c7686668103bc5f186184ef6ef345d56f6ade4724526b35b85c9c9",
                        "type": "CanonicalUser",
                        "uri": ""
                      }
                    ],
                    "permission": "FULL_CONTROL"
                  }
                ],
                "owner": [
                  {
                    "display_name": "aws2-student20",
                    "id": "157657c165c7686668103bc5f186184ef6ef345d56f6ade4724526b35b85c9c9"
                  }
                ]
              }
            ],
            "acl": "private",
            "bucket": "ahmetguc-s3-test-bucket",
            "expected_bucket_owner": "",
            "id": "ahmetguc-s3-test-bucket,private"
          },
          "sensitive_attributes": [],
          "private": "bnVsbA==",
          "dependencies": [
            "aws_s3_bucket.my-bucket"
          ]
        }
      ]
    },
    {
      "mode": "managed",
      "type": "aws_s3_bucket_object",
      "name": "my-bucket-object",
      "provider": "provider[\"registry.terraform.io/hashicorp/aws\"]",
      "instances": [
        {
          "schema_version": 0,
          "attributes": {
            "acl": "public-read",
            "bucket": "ahmetguc-s3-test-bucket",
            "bucket_key_enabled": false,
            "cache_control": "",
            "content": null,
            "content_base64": null,
            "content_disposition": "",
            "content_encoding": "",
            "content_language": "",
            "content_type": "binary/octet-stream",
            "etag": "e5876a5876a2dd664eabc2607b38ceb9",
            "force_destroy": false,
            "id": "index.html",
            "key": "index.html",
            "kms_key_id": null,
            "metadata": {},
            "object_lock_legal_hold_status": "",
            "object_lock_mode": "",
            "object_lock_retain_until_date": "",
            "server_side_encryption": "",
            "source": "~/labs/Terraform-Labs/terraform-s3-demo/data/index.html",
            "source_hash": null,
            "storage_class": "STANDARD",
            "tags": {
              "Environment": "Dev",
              "Name": "My S3 bucket file",
              "etag": "e5876a5876a2dd664eabc2607b38ceb9"
            },
            "tags_all": {
              "Environment": "Dev",
              "Name": "My S3 bucket file",
              "etag": "e5876a5876a2dd664eabc2607b38ceb9"
            },
            "version_id": "",
            "website_redirect": ""
          },
          "sensitive_attributes": [],
          "private": "bnVsbA==",
          "dependencies": [
            "aws_s3_bucket.my-bucket"
          ]
        }
      ]
    }
  ]
}
